
Microsoft Visual Studio Solution File, Format Version 12.00
# Visual Studio 14
VisualStudioVersion = 14.0.25420.1
MinimumVisualStudioVersion = 10.0.40219.1
Project("{FAE04EC0-301F-11D3-BF4B-00C04F79EFBC}") = "CSharpAssignments1", "CSharpAssignments\CSharpAssignments1.csproj", "{75FE576D-3616-407D-8DC5-2C0724E41D6D}"
	ProjectSection(ProjectDependencies) = postProject
		{A5DC848D-6120-4175-8054-B736FFBD3AB2} = {A5DC848D-6120-4175-8054-B736FFBD3AB2}
		{10C70EF4-50D0-4CFD-8470-254933A7D1AA} = {10C70EF4-50D0-4CFD-8470-254933A7D1AA}
	EndProjectSection
EndProject
Project("{FAE04EC0-301F-11D3-BF4B-00C04F79EFBC}") = "CSharpAssignments2", "CSharpAssignments2\CSharpAssignments2.csproj", "{C0000F9D-A9F5-42CC-A649-247A4396C9BD}"
EndProject
Project("{FAE04EC0-301F-11D3-BF4B-00C04F79EFBC}") = "CSharpAssignments3", "CSharpAssignments3\CSharpAssignments3.csproj", "{1E986437-30C6-461B-93E7-C853B5E98722}"
EndProject
Project("{FAE04EC0-301F-11D3-BF4B-00C04F79EFBC}") = "CSharpAssignments4", "CSharpAssignments4\CSharpAssignments4.csproj", "{E75EF998-CA62-4E50-875F-FAAE2CE867B0}"
EndProject
Project("{FAE04EC0-301F-11D3-BF4B-00C04F79EFBC}") = "CSharpAssignments5", "CSharpAssignments5\CSharpAssignments5.csproj", "{05E03472-77AB-4FBE-9DA3-E136A259A8BF}"
EndProject
Project("{FAE04EC0-301F-11D3-BF4B-00C04F79EFBC}") = "CSharpAssignments6", "CSharpAssignments6\CSharpAssignments6.csproj", "{7872A7B9-407C-434C-B1AF-159C7A905D14}"
EndProject
Project("{FAE04EC0-301F-11D3-BF4B-00C04F79EFBC}") = "CSharpAssignments7", "CSharpAssignments7\CSharpAssignments7.csproj", "{A5DC848D-6120-4175-8054-B736FFBD3AB2}"
EndProject
Project("{FAE04EC0-301F-11D3-BF4B-00C04F79EFBC}") = "CSharpAssignments8", "CSharpAssignments8\CSharpAssignments8.csproj", "{D8B62473-0D4B-42DD-B522-9BD9C32C8BB7}"
EndProject
Project("{FAE04EC0-301F-11D3-BF4B-00C04F79EFBC}") = "CSharpAssignments9", "CSharpAssignments9\CSharpAssignments9.csproj", "{10C70EF4-50D0-4CFD-8470-254933A7D1AA}"
EndProject
Project("{FAE04EC0-301F-11D3-BF4B-00C04F79EFBC}") = "CSharpAssignments10", "CSharpAssignments10\CSharpAssignments10.csproj", "{CA1B9E8B-0833-4BD7-90F5-EB1365548A0F}"
EndProject
Project("{FAE04EC0-301F-11D3-BF4B-00C04F79EFBC}") = "CSharpAssignments11", "CSharpAssignments11\CSharpAssignments11.csproj", "{C0D84021-AEC8-46A9-BB3C-88CA3751C873}"
EndProject
Project("{FAE04EC0-301F-11D3-BF4B-00C04F79EFBC}") = "CSharpAssignments12", "CSharpAssignments12\CSharpAssignments12.csproj", "{612C138F-1950-41CA-9C70-EBAE7A151F43}"
EndProject
Project("{FAE04EC0-301F-11D3-BF4B-00C04F79EFBC}") = "CSharpAssignments13", "CSharpAssignments13\CSharpAssignments13.csproj", "{76916EC7-6324-48B2-A2E1-B3E99510BFAC}"
EndProject
Project("{FAE04EC0-301F-11D3-BF4B-00C04F79EFBC}") = "CSharpAssignments14", "CSharpAssignments14\CSharpAssignments14.csproj", "{6B679373-3A6D-461E-9354-5DAF69CCC336}"
EndProject
Global
	GlobalSection(SolutionConfigurationPlatforms) = preSolution
		Debug|Any CPU = Debug|Any CPU
		Release|Any CPU = Release|Any CPU
	EndGlobalSection
	GlobalSection(ProjectConfigurationPlatforms) = postSolution
		{75FE576D-3616-407D-8DC5-2C0724E41D6D}.Debug|Any CPU.ActiveCfg = Debug|Any CPU
		{75FE576D-3616-407D-8DC5-2C0724E41D6D}.Debug|Any CPU.Build.0 = Debug|Any CPU
		{75FE576D-3616-407D-8DC5-2C0724E41D6D}.Release|Any CPU.ActiveCfg = Release|Any CPU
		{75FE576D-3616-407D-8DC5-2C0724E41D6D}.Release|Any CPU.Build.0 = Release|Any CPU
		{C0000F9D-A9F5-42CC-A649-247A4396C9BD}.Debug|Any CPU.ActiveCfg = Debug|Any CPU
		{C0000F9D-A9F5-42CC-A649-247A4396C9BD}.Debug|Any CPU.Build.0 = Debug|Any CPU
		{C0000F9D-A9F5-42CC-A649-247A4396C9BD}.Release|Any CPU.ActiveCfg = Release|Any CPU
		{C0000F9D-A9F5-42CC-A649-247A4396C9BD}.Release|Any CPU.Build.0 = Release|Any CPU
		{1E986437-30C6-461B-93E7-C853B5E98722}.Debug|Any CPU.ActiveCfg = Debug|Any CPU
		{1E986437-30C6-461B-93E7-C853B5E98722}.Debug|Any CPU.Build.0 = Debug|Any CPU
		{1E986437-30C6-461B-93E7-C853B5E98722}.Release|Any CPU.ActiveCfg = Release|Any CPU
		{1E986437-30C6-461B-93E7-C853B5E98722}.Release|Any CPU.Build.0 = Release|Any CPU
		{E75EF998-CA62-4E50-875F-FAAE2CE867B0}.Debug|Any CPU.ActiveCfg = Debug|Any CPU
		{E75EF998-CA62-4E50-875F-FAAE2CE867B0}.Debug|Any CPU.Build.0 = Debug|Any CPU
		{E75EF998-CA62-4E50-875F-FAAE2CE867B0}.Release|Any CPU.ActiveCfg = Release|Any CPU
		{E75EF998-CA62-4E50-875F-FAAE2CE867B0}.Release|Any CPU.Build.0 = Release|Any CPU
		{05E03472-77AB-4FBE-9DA3-E136A259A8BF}.Debug|Any CPU.ActiveCfg = Debug|Any CPU
		{05E03472-77AB-4FBE-9DA3-E136A259A8BF}.Debug|Any CPU.Build.0 = Debug|Any CPU
		{05E03472-77AB-4FBE-9DA3-E136A259A8BF}.Release|Any CPU.ActiveCfg = Release|Any CPU
		{05E03472-77AB-4FBE-9DA3-E136A259A8BF}.Release|Any CPU.Build.0 = Release|Any CPU
		{7872A7B9-407C-434C-B1AF-159C7A905D14}.Debug|Any CPU.ActiveCfg = Debug|Any CPU
		{7872A7B9-407C-434C-B1AF-159C7A905D14}.Debug|Any CPU.Build.0 = Debug|Any CPU
		{7872A7B9-407C-434C-B1AF-159C7A905D14}.Release|Any CPU.ActiveCfg = Release|Any CPU
		{7872A7B9-407C-434C-B1AF-159C7A905D14}.Release|Any CPU.Build.0 = Release|Any CPU
		{A5DC848D-6120-4175-8054-B736FFBD3AB2}.Debug|Any CPU.ActiveCfg = Debug|Any CPU
		{A5DC848D-6120-4175-8054-B736FFBD3AB2}.Debug|Any CPU.Build.0 = Debug|Any CPU
		{A5DC848D-6120-4175-8054-B736FFBD3AB2}.Release|Any CPU.ActiveCfg = Release|Any CPU
		{A5DC848D-6120-4175-8054-B736FFBD3AB2}.Release|Any CPU.Build.0 = Release|Any CPU
		{D8B62473-0D4B-42DD-B522-9BD9C32C8BB7}.Debug|Any CPU.ActiveCfg = Debug|Any CPU
		{D8B62473-0D4B-42DD-B522-9BD9C32C8BB7}.Debug|Any CPU.Build.0 = Debug|Any CPU
		{D8B62473-0D4B-42DD-B522-9BD9C32C8BB7}.Release|Any CPU.ActiveCfg = Release|Any CPU
		{D8B62473-0D4B-42DD-B522-9BD9C32C8BB7}.Release|Any CPU.Build.0 = Release|Any CPU
		{10C70EF4-50D0-4CFD-8470-254933A7D1AA}.Debug|Any CPU.ActiveCfg = Debug|Any CPU
		{10C70EF4-50D0-4CFD-8470-254933A7D1AA}.Debug|Any CPU.Build.0 = Debug|Any CPU
		{10C70EF4-50D0-4CFD-8470-254933A7D1AA}.Release|Any CPU.ActiveCfg = Release|Any CPU
		{10C70EF4-50D0-4CFD-8470-254933A7D1AA}.Release|Any CPU.Build.0 = Release|Any CPU
		{CA1B9E8B-0833-4BD7-90F5-EB1365548A0F}.Debug|Any CPU.ActiveCfg = Debug|Any CPU
		{CA1B9E8B-0833-4BD7-90F5-EB1365548A0F}.Debug|Any CPU.Build.0 = Debug|Any CPU
		{CA1B9E8B-0833-4BD7-90F5-EB1365548A0F}.Release|Any CPU.ActiveCfg = Release|Any CPU
		{CA1B9E8B-0833-4BD7-90F5-EB1365548A0F}.Release|Any CPU.Build.0 = Release|Any CPU
		{C0D84021-AEC8-46A9-BB3C-88CA3751C873}.Debug|Any CPU.ActiveCfg = Debug|Any CPU
		{C0D84021-AEC8-46A9-BB3C-88CA3751C873}.Debug|Any CPU.Build.0 = Debug|Any CPU
		{C0D84021-AEC8-46A9-BB3C-88CA3751C873}.Release|Any CPU.ActiveCfg = Release|Any CPU
		{C0D84021-AEC8-46A9-BB3C-88CA3751C873}.Release|Any CPU.Build.0 = Release|Any CPU
		{612C138F-1950-41CA-9C70-EBAE7A151F43}.Debug|Any CPU.ActiveCfg = Debug|Any CPU
		{612C138F-1950-41CA-9C70-EBAE7A151F43}.Debug|Any CPU.Build.0 = Debug|Any CPU
		{612C138F-1950-41CA-9C70-EBAE7A151F43}.Release|Any CPU.ActiveCfg = Release|Any CPU
		{612C138F-1950-41CA-9C70-EBAE7A151F43}.Release|Any CPU.Build.0 = Release|Any CPU
		{76916EC7-6324-48B2-A2E1-B3E99510BFAC}.Debug|Any CPU.ActiveCfg = Debug|Any CPU
		{76916EC7-6324-48B2-A2E1-B3E99510BFAC}.Debug|Any CPU.Build.0 = Debug|Any CPU
		{76916EC7-6324-48B2-A2E1-B3E99510BFAC}.Release|Any CPU.ActiveCfg = Release|Any CPU
		{76916EC7-6324-48B2-A2E1-B3E99510BFAC}.Release|Any CPU.Build.0 = Release|Any CPU
		{6B679373-3A6D-461E-9354-5DAF69CCC336}.Debug|Any CPU.ActiveCfg = Debug|Any CPU
		{6B679373-3A6D-461E-9354-5DAF69CCC336}.Debug|Any CPU.Build.0 = Debug|Any CPU
		{6B679373-3A6D-461E-9354-5DAF69CCC336}.Release|Any CPU.ActiveCfg = Release|Any CPU
		{6B679373-3A6D-461E-9354-5DAF69CCC336}.Release|Any CPU.Build.0 = Release|Any CPU
	EndGlobalSection
	GlobalSection(SolutionProperties) = preSolution
		HideSolutionNode = FALSE
	EndGlobalSection
	GlobalSection(ExtensibilityGlobals) = postSolution
		SolutionGuid = {FBBF64FD-F9D7-4B1C-8D68-46E709BC271F}
	EndGlobalSection
EndGlobal
